
Microsoft Visual Studio Solution File, Format Version 12.00
Project("{FAE04EC0-301F-11D3-BF4B-00C04F79EFBC}") = "Diploma", "Diploma\Diploma.csproj", "{4091BE8F-491D-4C34-ABA3-D64B898F2D5B}"
EndProject
Global
	GlobalSection(SolutionConfigurationPlatforms) = preSolution
		Debug|Any CPU = Debug|Any CPU
		Release|Any CPU = Release|Any CPU
	EndGlobalSection
	GlobalSection(ProjectConfigurationPlatforms) = postSolution
		{4091BE8F-491D-4C34-ABA3-D64B898F2D5B}.Debug|Any CPU.ActiveCfg = Debug|Any CPU
		{4091BE8F-491D-4C34-ABA3-D64B898F2D5B}.Debug|Any CPU.Build.0 = Debug|Any CPU
		{4091BE8F-491D-4C34-ABA3-D64B898F2D5B}.Release|Any CPU.ActiveCfg = Release|Any CPU
		{4091BE8F-491D-4C34-ABA3-D64B898F2D5B}.Release|Any CPU.Build.0 = Release|Any CPU
	EndGlobalSection
EndGlobal
